
Microsoft Visual Studio Solution File, Format Version 12.00
# Visual Studio 15
Project("{FAE04EC0-301F-11D3-BF4B-00C04F79EFBC}") = "ForLoop3", "ForLoop3\ForLoop3.csproj", "{C972C623-6162-4475-9072-DD94096A55F6}"
EndProject
Global
	GlobalSection(SolutionConfigurationPlatforms) = preSolution
		Debug|x86 = Debug|x86
		Release|x86 = Release|x86
	EndGlobalSection
	GlobalSection(ProjectConfigurationPlatforms) = postSolution
		{C972C623-6162-4475-9072-DD94096A55F6}.Debug|x86.ActiveCfg = Debug|x86
		{C972C623-6162-4475-9072-DD94096A55F6}.Debug|x86.Build.0 = Debug|x86
		{C972C623-6162-4475-9072-DD94096A55F6}.Release|x86.ActiveCfg = Release|x86
		{C972C623-6162-4475-9072-DD94096A55F6}.Release|x86.Build.0 = Release|x86
	EndGlobalSection
EndGlobal
